{
  "name": "ttag-bug-example",
  "version": "1.0.0",
  "lockfileVersion": 1,
  "requires": true,
  "dependencies": {
    "dedent": {
      "version": "0.7.0",
      "resolved": "https://registry.npmjs.org/dedent/-/dedent-0.7.0.tgz",
      "integrity": "sha1-JJXduvbrh0q7Dhvp3yLS5aVEMmw="
    },
    "plural-forms": {
      "version": "0.3.10",
      "resolved": "https://registry.npmjs.org/plural-forms/-/plural-forms-0.3.10.tgz",
      "integrity": "sha512-WrBD4Ojmt55Fmk6WpggelL5Y0VkPglgv6ddUEtt7gVN1EvZ6MWofpx1P92bRuYqqbne3C78SMF40mBrxtVnvmg=="
    },
    "ttag": {
      "version": "1.7.22",
      "resolved": "https://registry.npmjs.org/ttag/-/ttag-1.7.22.tgz",
      "integrity": "sha512-PVPzv5gGDD0bIh/xufGvitvDSJyT1rPVabmKJJ0TG1EZrFpd1XroT0MInoBpGf+urwVGSRcibURfD5Q4+n9qrQ==",
      "requires": {
        "dedent": "^0.7.0",
        "plural-forms": "^0.3.10"
      }
    }
  }
}
